// !$*UTF8*$!
{
	archiveVersion = 1;
	classes = {
	};
	objectVersion = 51;
	objects = {

/* Begin PBXBuildFile section */
		824E33D3250B9E33005D4FBD /* AppDelegate.swift in Sources */ = {isa = PBXBuildFile; fileRef = 824E33D2250B9E33005D4FBD /* AppDelegate.swift */; };
		824E33D5250B9E33005D4FBD /* SceneDelegate.swift in Sources */ = {isa = PBXBuildFile; fileRef = 824E33D4250B9E33005D4FBD /* SceneDelegate.swift */; };
		824E33D7250B9E33005D4FBD /* ViewController.swift in Sources */ = {isa = PBXBuildFile; fileRef = 824E33D6250B9E33005D4FBD /* ViewController.swift */; };
		824E33DA250B9E33005D4FBD /* Main.storyboard in Resources */ = {isa = PBXBuildFile; fileRef = 824E33D8250B9E33005D4FBD /* Main.storyboard */; };
		824E33DC250B9E34005D4FBD /* Assets.xcassets in Resources */ = {isa = PBXBuildFile; fileRef = 824E33DB250B9E34005D4FBD /* Assets.xcassets */; };
		824E33DF250B9E34005D4FBD /* LaunchScreen.storyboard in Resources */ = {isa = PBXBuildFile; fileRef = 824E33DD250B9E34005D4FBD /* LaunchScreen.storyboard */; };
		824E33E9250BA7BE005D4FBD /* README.md in Resources */ = {isa = PBXBuildFile; fileRef = 824E33E8250BA7BE005D4FBD /* README.md */; };
		A91DD48041C2CBB3CAD85B02 /* Pods_CryptoSwiftSample.framework in Frameworks */ = {isa = PBXBuildFile; fileRef = B4702FB4A4CFEBA5E1041947 /* Pods_CryptoSwiftSample.framework */; };
/* End PBXBuildFile section */

/* Begin PBXFileReference section */
		1A22FAE94EB218EC0B5C1245 /* Pods-CryptoSwiftSample.debug.xcconfig */ = {isa = PBXFileReference; includeInIndex = 1; lastKnownFileType = text.xcconfig; name = "Pods-CryptoSwiftSample.debug.xcconfig"; path = "Target Support Files/Pods-CryptoSwiftSample/Pods-CryptoSwiftSample.debug.xcconfig"; sourceTree = "<group>"; };
		824E33CF250B9E33005D4FBD /* CryptoSwiftSample.app */ = {isa = PBXFileReference; explicitFileType = wrapper.application; includeInIndex = 0; path = CryptoSwiftSample.app; sourceTree = BUILT_PRODUCTS_DIR; };
		824E33D2250B9E33005D4FBD /* AppDelegate.swift */ = {isa = PBXFileReference; lastKnownFileType = sourcecode.swift; path = AppDelegate.swift; sourceTree = "<group>"; };
		824E33D4250B9E33005D4FBD /* SceneDelegate.swift */ = {isa = PBXFileReference; lastKnownFileType = sourcecode.swift; path = SceneDelegate.swift; sourceTree = "<group>"; };
		824E33D6250B9E33005D4FBD /* ViewController.swift */ = {isa = PBXFileReference; lastKnownFileType = sourcecode.swift; path = ViewController.swift; sourceTree = "<group>"; };
		824E33D9250B9E33005D4FBD /* Base */ = {isa = PBXFileReference; lastKnownFileType = file.storyboard; name = Base; path = Base.lproj/Main.storyboard; sourceTree = "<group>"; };
		824E33DB250B9E34005D4FBD /* Assets.xcassets */ = {isa = PBXFileReference; lastKnownFileType = folder.assetcatalog; path = Assets.xcassets; sourceTree = "<group>"; };
		824E33DE250B9E34005D4FBD /* Base */ = {isa = PBXFileReference; lastKnownFileType = file.storyboard; name = Base; path = Base.lproj/LaunchScreen.storyboard; sourceTree = "<group>"; };
		824E33E0250B9E34005D4FBD /* Info.plist */ = {isa = PBXFileReference; lastKnownFileType = text.plist.xml; path = Info.plist; sourceTree = "<group>"; };
		824E33E6250BA681005D4FBD /* AES128 vs. AES256 performance.pdf */ = {isa = PBXFileReference; lastKnownFileType = image.pdf; path = "AES128 vs. AES256 performance.pdf"; sourceTree = "<group>"; };
		824E33E8250BA7BE005D4FBD /* README.md */ = {isa = PBXFileReference; fileEncoding = 4; lastKnownFileType = net.daringfireball.markdown; path = README.md; sourceTree = "<group>"; };
		B4702FB4A4CFEBA5E1041947 /* Pods_CryptoSwiftSample.framework */ = {isa = PBXFileReference; explicitFileType = wrapper.framework; includeInIndex = 0; path = Pods_CryptoSwiftSample.framework; sourceTree = BUILT_PRODUCTS_DIR; };
		D416FA4B91C29FBD79560020 /* Pods-CryptoSwiftSample.release.xcconfig */ = {isa = PBXFileReference; includeInIndex = 1; lastKnownFileType = text.xcconfig; name = "Pods-CryptoSwiftSample.release.xcconfig"; path = "Target Support Files/Pods-CryptoSwiftSample/Pods-CryptoSwiftSample.release.xcconfig"; sourceTree = "<group>"; };
/* End PBXFileReference section */

/* Begin PBXFrameworksBuildPhase section */
		824E33CC250B9E33005D4FBD /* Frameworks */ = {
			isa = PBXFrameworksBuildPhase;
			buildActionMask = 2147483647;
			files = (
				A91DD48041C2CBB3CAD85B02 /* Pods_CryptoSwiftSample.framework in Frameworks */,
			);
			runOnlyForDeploymentPostprocessing = 0;
		};
/* End PBXFrameworksBuildPhase section */

/* Begin PBXGroup section */
		335C2250A7444B55040AA3BF /* Pods */ = {
			isa = PBXGroup;
			children = (
				1A22FAE94EB218EC0B5C1245 /* Pods-CryptoSwiftSample.debug.xcconfig */,
				D416FA4B91C29FBD79560020 /* Pods-CryptoSwiftSample.release.xcconfig */,
			);
			path = Pods;
			sourceTree = "<group>";
		};
		824E33C6250B9E33005D4FBD = {
			isa = PBXGroup;
			children = (
				824E33E8250BA7BE005D4FBD /* README.md */,
				824E33D1250B9E33005D4FBD /* CryptoSwiftSample */,
				824E33D0250B9E33005D4FBD /* Products */,
				335C2250A7444B55040AA3BF /* Pods */,
				E7B6B0FA096990377BB8FE23 /* Frameworks */,
			);
			sourceTree = "<group>";
		};
		824E33D0250B9E33005D4FBD /* Products */ = {
			isa = PBXGroup;
			children = (
				824E33CF250B9E33005D4FBD /* CryptoSwiftSample.app */,
			);
			name = Products;
			sourceTree = "<group>";
		};
		824E33D1250B9E33005D4FBD /* CryptoSwiftSample */ = {
			isa = PBXGroup;
			children = (
				824E33D2250B9E33005D4FBD /* AppDelegate.swift */,
				824E33D4250B9E33005D4FBD /* SceneDelegate.swift */,
				824E33D6250B9E33005D4FBD /* ViewController.swift */,
				824E33D8250B9E33005D4FBD /* Main.storyboard */,
				824E33DB250B9E34005D4FBD /* Assets.xcassets */,
				824E33DD250B9E34005D4FBD /* LaunchScreen.storyboard */,
				824E33E0250B9E34005D4FBD /* Info.plist */,
				824E33E6250BA681005D4FBD /* AES128 vs. AES256 performance.pdf */,
			);
			path = CryptoSwiftSample;
			sourceTree = "<group>";
		};
		E7B6B0FA096990377BB8FE23 /* Frameworks */ = {
			isa = PBXGroup;
			children = (
				B4702FB4A4CFEBA5E1041947 /* Pods_CryptoSwiftSample.framework */,
			);
			name = Frameworks;
			sourceTree = "<group>";
		};
/* End PBXGroup section */

/* Begin PBXNativeTarget section */
		824E33CE250B9E33005D4FBD /* CryptoSwiftSample */ = {
			isa = PBXNativeTarget;
			buildConfigurationList = 824E33E3250B9E34005D4FBD /* Build configuration list for PBXNativeTarget "CryptoSwiftSample" */;
			buildPhases = (
				C3AE94CA4D88EDB8DF87CFBF /* [CP] Check Pods Manifest.lock */,
				824E33CB250B9E33005D4FBD /* Sources */,
				824E33CC250B9E33005D4FBD /* Frameworks */,
				824E33CD250B9E33005D4FBD /* Resources */,
				A1202971C2B04F5EAAD28108 /* [CP] Embed Pods Frameworks */,
			);
			buildRules = (
			);
			dependencies = (
			);
			name = CryptoSwiftSample;
			productName = CryptoSwiftSample;
			productReference = 824E33CF250B9E33005D4FBD /* CryptoSwiftSample.app */;
			productType = "com.apple.product-type.application";
		};
/* End PBXNativeTarget section */

/* Begin PBXProject section */
		824E33C7250B9E33005D4FBD /* Project object */ = {
			isa = PBXProject;
			attributes = {
				LastSwiftUpdateCheck = 1170;
				LastUpgradeCheck = 1170;
				ORGANIZATIONNAME = WIWA;
				TargetAttributes = {
					824E33CE250B9E33005D4FBD = {
						CreatedOnToolsVersion = 11.7;
					};
				};
			};
			buildConfigurationList = 824E33CA250B9E33005D4FBD /* Build configuration list for PBXProject "CryptoSwiftSample" */;
			compatibilityVersion = "Xcode 9.3";
			developmentRegion = en;
			hasScannedForEncodings = 0;
			knownRegions = (
				en,
				Base,
			);
			mainGroup = 824E33C6250B9E33005D4FBD;
			productRefGroup = 824E33D0250B9E33005D4FBD /* Products */;
			projectDirPath = "";
			projectRoot = "";
			targets = (
				824E33CE250B9E33005D4FBD /* CryptoSwiftSample */,
			);
		};
/* End PBXProject section */

/* Begin PBXResourcesBuildPhase section */
		824E33CD250B9E33005D4FBD /* Resources */ = {
			isa = PBXResourcesBuildPhase;
			buildActionMask = 2147483647;
			files = (
				824E33DF250B9E34005D4FBD /* LaunchScreen.storyboard in Resources */,
				824E33DC250B9E34005D4FBD /* Assets.xcassets in Resources */,
				824E33E9250BA7BE005D4FBD /* README.md in Resources */,
				824E33DA250B9E33005D4FBD /* Main.storyboard in Resources */,
			);
			runOnlyForDeploymentPostprocessing = 0;
		};
/* End PBXResourcesBuildPhase section */

/* Begin PBXShellScriptBuildPhase section */
		A1202971C2B04F5EAAD28108 /* [CP] Embed Pods Frameworks */ = {
			isa = PBXShellScriptBuildPhase;
			buildActionMask = 2147483647;
			files = (
			);
			inputFileListPaths = (
				"${PODS_ROOT}/Target Support Files/Pods-CryptoSwiftSample/Pods-CryptoSwiftSample-frameworks-${CONFIGURATION}-input-files.xcfilelist",
			);
			name = "[CP] Embed Pods Frameworks";
			outputFileListPaths = (
				"${PODS_ROOT}/Target Support Files/Pods-CryptoSwiftSample/Pods-CryptoSwiftSample-frameworks-${CONFIGURATION}-output-files.xcfilelist",
			);
			runOnlyForDeploymentPostprocessing = 0;
			shellPath = /bin/sh;
			shellScript = "\"${PODS_ROOT}/Target Support Files/Pods-CryptoSwiftSample/Pods-CryptoSwiftSample-frameworks.sh\"\n";
			showEnvVarsInLog = 0;
		};
		C3AE94CA4D88EDB8DF87CFBF /* [CP] Check Pods Manifest.lock */ = {
			isa = PBXShellScriptBuildPhase;
			buildActionMask = 2147483647;
			files = (
			);
			inputFileListPaths = (
			);
			inputPaths = (
				"${PODS_PODFILE_DIR_PATH}/Podfile.lock",
				"${PODS_ROOT}/Manifest.lock",
			);
			name = "[CP] Check Pods Manifest.lock";
			outputFileListPaths = (
			);
			outputPaths = (
				"$(DERIVED_FILE_DIR)/Pods-CryptoSwiftSample-checkManifestLockResult.txt",
			);
			runOnlyForDeploymentPostprocessing = 0;
			shellPath = /bin/sh;
			shellScript = "diff \"${PODS_PODFILE_DIR_PATH}/Podfile.lock\" \"${PODS_ROOT}/Manifest.lock\" > /dev/null\nif [ $? != 0 ] ; then\n    # print error to STDERR\n    echo \"error: The sandbox is not in sync with the Podfile.lock. Run 'pod install' or update your CocoaPods installation.\" >&2\n    exit 1\nfi\n# This output is used by Xcode 'outputs' to avoid re-running this script phase.\necho \"SUCCESS\" > \"${SCRIPT_OUTPUT_FILE_0}\"\n";
			showEnvVarsInLog = 0;
		};
/* End PBXShellScriptBuildPhase section */

/* Begin PBXSourcesBuildPhase section */
		824E33CB250B9E33005D4FBD /* Sources */ = {
			isa = PBXSourcesBuildPhase;
			buildActionMask = 2147483647;
			files = (
				824E33D7250B9E33005D4FBD /* ViewController.swift in Sources */,
				824E33D3250B9E33005D4FBD /* AppDelegate.swift in Sources */,
				824E33D5250B9E33005D4FBD /* SceneDelegate.swift in Sources */,
			);
			runOnlyForDeploymentPostprocessing = 0;
		};
/* End PBXSourcesBuildPhase section */

/* Begin PBXVariantGroup section */
		824E33D8250B9E33005D4FBD /* Main.storyboard */ = {
			isa = PBXVariantGroup;
			children = (
				824E33D9250B9E33005D4FBD /* Base */,
			);
			name = Main.storyboard;
			sourceTree = "<group>";
		};
		824E33DD250B9E34005D4FBD /* LaunchScreen.storyboard */ = {
			isa = PBXVariantGroup;
			children = (
				824E33DE250B9E34005D4FBD /* Base */,
			);
			name = LaunchScreen.storyboard;
			sourceTree = "<group>";
		};
/* End PBXVariantGroup section */

/* Begin XCBuildConfiguration section */
		824E33E1250B9E34005D4FBD /* Debug */ = {
			isa = XCBuildConfiguration;
			buildSettings = {
				ALWAYS_SEARCH_USER_PATHS = NO;
				CLANG_ANALYZER_NONNULL = YES;
				CLANG_ANALYZER_NUMBER_OBJECT_CONVERSION = YES_AGGRESSIVE;
				CLANG_CXX_LANGUAGE_STANDARD = "gnu++14";
				CLANG_CXX_LIBRARY = "libc++";
				CLANG_ENABLE_MODULES = YES;
				CLANG_ENABLE_OBJC_ARC = YES;
				CLANG_ENABLE_OBJC_WEAK = YES;
				CLANG_WARN_BLOCK_CAPTURE_AUTORELEASING = YES;
				CLANG_WARN_BOOL_CONVERSION = YES;
				CLANG_WARN_COMMA = YES;
				CLANG_WARN_CONSTANT_CONVERSION = YES;
				CLANG_WARN_DEPRECATED_OBJC_IMPLEMENTATIONS = YES;
				CLANG_WARN_DIRECT_OBJC_ISA_USAGE = YES_ERROR;
				CLANG_WARN_DOCUMENTATION_COMMENTS = YES;
				CLANG_WARN_EMPTY_BODY = YES;
				CLANG_WARN_ENUM_CONVERSION = YES;
				CLANG_WARN_INFINITE_RECURSION = YES;
				CLANG_WARN_INT_CONVERSION = YES;
				CLANG_WARN_NON_LITERAL_NULL_CONVERSION = YES;
				CLANG_WARN_OBJC_IMPLICIT_RETAIN_SELF = YES;
				CLANG_WARN_OBJC_LITERAL_CONVERSION = YES;
				CLANG_WARN_OBJC_ROOT_CLASS = YES_ERROR;
				CLANG_WARN_RANGE_LOOP_ANALYSIS = YES;
				CLANG_WARN_STRICT_PROTOTYPES = YES;
				CLANG_WARN_SUSPICIOUS_MOVE = YES;
				CLANG_WARN_UNGUARDED_AVAILABILITY = YES_AGGRESSIVE;
				CLANG_WARN_UNREACHABLE_CODE = YES;
				CLANG_WARN__DUPLICATE_METHOD_MATCH = YES;
				COPY_PHASE_STRIP = NO;
				DEBUG_INFORMATION_FORMAT = dwarf;
				ENABLE_STRICT_OBJC_MSGSEND = YES;
				ENABLE_TESTABILITY = YES;
				GCC_C_LANGUAGE_STANDARD = gnu11;
				GCC_DYNAMIC_NO_PIC = NO;
				GCC_NO_COMMON_BLOCKS = YES;
				GCC_OPTIMIZATION_LEVEL = 0;
				GCC_PREPROCESSOR_DEFINITIONS = (
					"DEBUG=1",
					"$(inherited)",
				);
				GCC_WARN_64_TO_32_BIT_CONVERSION = YES;
				GCC_WARN_ABOUT_RETURN_TYPE = YES_ERROR;
				GCC_WARN_UNDECLARED_SELECTOR = YES;
				GCC_WARN_UNINITIALIZED_AUTOS = YES_AGGRESSIVE;
				GCC_WARN_UNUSED_FUNCTION = YES;
				GCC_WARN_UNUSED_VARIABLE = YES;
				IPHONEOS_DEPLOYMENT_TARGET = 13.7;
				MTL_ENABLE_DEBUG_INFO = INCLUDE_SOURCE;
				MTL_FAST_MATH = YES;
				ONLY_ACTIVE_ARCH = YES;
				SDKROOT = iphoneos;
				SWIFT_ACTIVE_COMPILATION_CONDITIONS = DEBUG;
				SWIFT_OPTIMIZATION_LEVEL = "-Onone";
			};
			name = Debug;
		};
		824E33E2250B9E34005D4FBD /* Release */ = {
			isa = XCBuildConfiguration;
			buildSettings = {
				ALWAYS_SEARCH_USER_PATHS = NO;
				CLANG_ANALYZER_NONNULL = YES;
				CLANG_ANALYZER_NUMBER_OBJECT_CONVERSION = YES_AGGRESSIVE;
				CLANG_CXX_LANGUAGE_STANDARD = "gnu++14";
				CLANG_CXX_LIBRARY = "libc++";
				CLANG_ENABLE_MODULES = YES;
				CLANG_ENABLE_OBJC_ARC = YES;
				CLANG_ENABLE_OBJC_WEAK = YES;
				CLANG_WARN_BLOCK_CAPTURE_AUTORELEASING = YES;
				CLANG_WARN_BOOL_CONVERSION = YES;
				CLANG_WARN_COMMA = YES;
				CLANG_WARN_CONSTANT_CONVERSION = YES;
				CLANG_WARN_DEPRECATED_OBJC_IMPLEMENTATIONS = YES;
				CLANG_WARN_DIRECT_OBJC_ISA_USAGE = YES_ERROR;
				CLANG_WARN_DOCUMENTATION_COMMENTS = YES;
				CLANG_WARN_EMPTY_BODY = YES;
				CLANG_WARN_ENUM_CONVERSION = YES;
				CLANG_WARN_INFINITE_RECURSION = YES;
				CLANG_WARN_INT_CONVERSION = YES;
				CLANG_WARN_NON_LITERAL_NULL_CONVERSION = YES;
				CLANG_WARN_OBJC_IMPLICIT_RETAIN_SELF = YES;
				CLANG_WARN_OBJC_LITERAL_CONVERSION = YES;
				CLANG_WARN_OBJC_ROOT_CLASS = YES_ERROR;
				CLANG_WARN_RANGE_LOOP_ANALYSIS = YES;
				CLANG_WARN_STRICT_PROTOTYPES = YES;
				CLANG_WARN_SUSPICIOUS_MOVE = YES;
				CLANG_WARN_UNGUARDED_AVAILABILITY = YES_AGGRESSIVE;
				CLANG_WARN_UNREACHABLE_CODE = YES;
				CLANG_WARN__DUPLICATE_METHOD_MATCH = YES;
				COPY_PHASE_STRIP = NO;
				DEBUG_INFORMATION_FORMAT = "dwarf-with-dsym";
				ENABLE_NS_ASSERTIONS = NO;
				ENABLE_STRICT_OBJC_MSGSEND = YES;
				GCC_C_LANGUAGE_STANDARD = gnu11;
				GCC_NO_COMMON_BLOCKS = YES;
				GCC_WARN_64_TO_32_BIT_CONVERSION = YES;
				GCC_WARN_ABOUT_RETURN_TYPE = YES_ERROR;
				GCC_WARN_UNDECLARED_SELECTOR = YES;
				GCC_WARN_UNINITIALIZED_AUTOS = YES_AGGRESSIVE;
				GCC_WARN_UNUSED_FUNCTION = YES;
				GCC_WARN_UNUSED_VARIABLE = YES;
				IPHONEOS_DEPLOYMENT_TARGET = 13.7;
				MTL_ENABLE_DEBUG_INFO = NO;
				MTL_FAST_MATH = YES;
				SDKROOT = iphoneos;
				SWIFT_COMPILATION_MODE = wholemodule;
				SWIFT_OPTIMIZATION_LEVEL = "-O";
				VALIDATE_PRODUCT = YES;
			};
			name = Release;
		};
		824E33E4250B9E34005D4FBD /* Debug */ = {
			isa = XCBuildConfiguration;
			baseConfigurationReference = 1A22FAE94EB218EC0B5C1245 /* Pods-CryptoSwiftSample.debug.xcconfig */;
			buildSettings = {
				ASSETCATALOG_COMPILER_APPICON_NAME = AppIcon;
				CODE_SIGN_STYLE = Automatic;
				INFOPLIST_FILE = CryptoSwiftSample/Info.plist;
				LD_RUNPATH_SEARCH_PATHS = (
					"$(inherited)",
					"@executable_path/Frameworks",
				);
				PRODUCT_BUNDLE_IDENTIFIER = io.wiwa.CryptoSwiftSample;
				PRODUCT_NAME = "$(TARGET_NAME)";
				SWIFT_VERSION = 5.0;
				TARGETED_DEVICE_FAMILY = "1,2";
			};
			name = Debug;
		};
		824E33E5250B9E34005D4FBD /* Release */ = {
			isa = XCBuildConfiguration;
			baseConfigurationReference = D416FA4B91C29FBD79560020 /* Pods-CryptoSwiftSample.release.xcconfig */;
			buildSettings = {
				ASSETCATALOG_COMPILER_APPICON_NAME = AppIcon;
				CODE_SIGN_STYLE = Automatic;
				INFOPLIST_FILE = CryptoSwiftSample/Info.plist;
				LD_RUNPATH_SEARCH_PATHS = (
					"$(inherited)",
					"@executable_path/Frameworks",
				);
				PRODUCT_BUNDLE_IDENTIFIER = io.wiwa.CryptoSwiftSample;
				PRODUCT_NAME = "$(TARGET_NAME)";
				SWIFT_VERSION = 5.0;
				TARGETED_DEVICE_FAMILY = "1,2";
			};
			name = Release;
		};
/* End XCBuildConfiguration section */

/* Begin XCConfigurationList section */
		824E33CA250B9E33005D4FBD /* Build configuration list for PBXProject "CryptoSwiftSample" */ = {
			isa = XCConfigurationList;
			buildConfigurations = (
				824E33E1250B9E34005D4FBD /* Debug */,
				824E33E2250B9E34005D4FBD /* Release */,
			);
			defaultConfigurationIsVisible = 0;
			defaultConfigurationName = Release;
		};
		824E33E3250B9E34005D4FBD /* Build configuration list for PBXNativeTarget "CryptoSwiftSample" */ = {
			isa = XCConfigurationList;
			buildConfigurations = (
				824E33E4250B9E34005D4FBD /* Debug */,
				824E33E5250B9E34005D4FBD /* Release */,
			);
			defaultConfigurationIsVisible = 0;
			defaultConfigurationName = Release;
		};
/* End XCConfigurationList section */
	};
	rootObject = 824E33C7250B9E33005D4FBD /* Project object */;
}
